
Microsoft Visual Studio Solution File, Format Version 12.00
# Visual Studio Version 16
VisualStudioVersion = 16.0.30711.63
MinimumVisualStudioVersion = 10.0.40219.1
Project("{FAE04EC0-301F-11D3-BF4B-00C04F79EFBC}") = "StringCompression", "StringCompression\StringCompression.csproj", "{7B467095-F188-4756-BE10-4DDE3B533A4F}"
EndProject
Global
	GlobalSection(SolutionConfigurationPlatforms) = preSolution
		Debug|Any CPU = Debug|Any CPU
		Release|Any CPU = Release|Any CPU
	EndGlobalSection
	GlobalSection(ProjectConfigurationPlatforms) = postSolution
		{7B467095-F188-4756-BE10-4DDE3B533A4F}.Debug|Any CPU.ActiveCfg = Debug|Any CPU
		{7B467095-F188-4756-BE10-4DDE3B533A4F}.Debug|Any CPU.Build.0 = Debug|Any CPU
		{7B467095-F188-4756-BE10-4DDE3B533A4F}.Release|Any CPU.ActiveCfg = Release|Any CPU
		{7B467095-F188-4756-BE10-4DDE3B533A4F}.Release|Any CPU.Build.0 = Release|Any CPU
	EndGlobalSection
	GlobalSection(SolutionProperties) = preSolution
		HideSolutionNode = FALSE
	EndGlobalSection
	GlobalSection(ExtensibilityGlobals) = postSolution
		SolutionGuid = {A0ECCC7F-B58D-4611-B1ED-D3365ED8081A}
	EndGlobalSection
EndGlobal
